// !$*UTF8*$!
{
	archiveVersion = 1;
	classes = {
	};
	objectVersion = 50;
	objects = {

/* Begin PBXBuildFile section */
		9C15C4D0245C76500057F181 /* AppDelegate.swift in Sources */ = {isa = PBXBuildFile; fileRef = 9C15C4CF245C76500057F181 /* AppDelegate.swift */; };
		9C15C4D2245C76500057F181 /* SceneDelegate.swift in Sources */ = {isa = PBXBuildFile; fileRef = 9C15C4D1245C76500057F181 /* SceneDelegate.swift */; };
		9C15C4D4245C76500057F181 /* ContentView.swift in Sources */ = {isa = PBXBuildFile; fileRef = 9C15C4D3245C76500057F181 /* ContentView.swift */; };
		9C15C4D6245C76510057F181 /* Assets.xcassets in Resources */ = {isa = PBXBuildFile; fileRef = 9C15C4D5245C76510057F181 /* Assets.xcassets */; };
		9C15C4D9245C76510057F181 /* Preview Assets.xcassets in Resources */ = {isa = PBXBuildFile; fileRef = 9C15C4D8245C76510057F181 /* Preview Assets.xcassets */; };
		9C15C4DC245C76510057F181 /* LaunchScreen.storyboard in Resources */ = {isa = PBXBuildFile; fileRef = 9C15C4DA245C76510057F181 /* LaunchScreen.storyboard */; };
		9C15C4E7245C76510057F181 /* EuphoniumRoutinesTests.swift in Sources */ = {isa = PBXBuildFile; fileRef = 9C15C4E6245C76510057F181 /* EuphoniumRoutinesTests.swift */; };
		9C15C4F2245C76510057F181 /* EuphoniumRoutinesUITests.swift in Sources */ = {isa = PBXBuildFile; fileRef = 9C15C4F1245C76510057F181 /* EuphoniumRoutinesUITests.swift */; };
		9C15C500245C77CE0057F181 /* MainView.swift in Sources */ = {isa = PBXBuildFile; fileRef = 9C15C4FF245C77CE0057F181 /* MainView.swift */; };
		9C15C502245C77F10057F181 /* RoutineView.swift in Sources */ = {isa = PBXBuildFile; fileRef = 9C15C501245C77F10057F181 /* RoutineView.swift */; };
		9C15C504245C780E0057F181 /* ListView.swift in Sources */ = {isa = PBXBuildFile; fileRef = 9C15C503245C780E0057F181 /* ListView.swift */; };
		9C15C506245C782A0057F181 /* ExerciseDetailView.swift in Sources */ = {isa = PBXBuildFile; fileRef = 9C15C505245C782A0057F181 /* ExerciseDetailView.swift */; };
		9C15C508245C78440057F181 /* SettingsView.swift in Sources */ = {isa = PBXBuildFile; fileRef = 9C15C507245C78440057F181 /* SettingsView.swift */; };
		9C15C50A245C78590057F181 /* Model.swift in Sources */ = {isa = PBXBuildFile; fileRef = 9C15C509245C78590057F181 /* Model.swift */; };
		DD13E5C825252FCA004336F3 /* InfoPlist.strings in Resources */ = {isa = PBXBuildFile; fileRef = DD13E5CA25252FCA004336F3 /* InfoPlist.strings */; };
		DD13E5D825253031004336F3 /* FavoritesView.swift in Sources */ = {isa = PBXBuildFile; fileRef = DD13E5D725253031004336F3 /* FavoritesView.swift */; };
		DD13E5E025253040004336F3 /* ExercisePickerView.swift in Sources */ = {isa = PBXBuildFile; fileRef = DD13E5DF25253040004336F3 /* ExercisePickerView.swift */; };
		DD13E5E525253048004336F3 /* HomeButtonView.swift in Sources */ = {isa = PBXBuildFile; fileRef = DD13E5E425253048004336F3 /* HomeButtonView.swift */; };
		DD13E5EA25253057004336F3 /* CustomListView.swift in Sources */ = {isa = PBXBuildFile; fileRef = DD13E5E925253057004336F3 /* CustomListView.swift */; };
		DD13E5EF25253060004336F3 /* CustomRoutineView.swift in Sources */ = {isa = PBXBuildFile; fileRef = DD13E5EE25253060004336F3 /* CustomRoutineView.swift */; };
		DD13E5F42525306F004336F3 /* CreateCustomView.swift in Sources */ = {isa = PBXBuildFile; fileRef = DD13E5F32525306F004336F3 /* CreateCustomView.swift */; };
		DD13E5F925253078004336F3 /* CustomPreviewView.swift in Sources */ = {isa = PBXBuildFile; fileRef = DD13E5F825253078004336F3 /* CustomPreviewView.swift */; };
		DD88A0D725002A2500978B84 /* Localizable.strings in Resources */ = {isa = PBXBuildFile; fileRef = DD88A0D925002A2500978B84 /* Localizable.strings */; };
/* End PBXBuildFile section */

/* Begin PBXContainerItemProxy section */
		9C15C4E3245C76510057F181 /* PBXContainerItemProxy */ = {
			isa = PBXContainerItemProxy;
			containerPortal = 9C15C4C4245C76500057F181 /* Project object */;
			proxyType = 1;
			remoteGlobalIDString = 9C15C4CB245C76500057F181;
			remoteInfo = EuphoniumRoutines;
		};
		9C15C4EE245C76510057F181 /* PBXContainerItemProxy */ = {
			isa = PBXContainerItemProxy;
			containerPortal = 9C15C4C4245C76500057F181 /* Project object */;
			proxyType = 1;
			remoteGlobalIDString = 9C15C4CB245C76500057F181;
			remoteInfo = EuphoniumRoutines;
		};
/* End PBXContainerItemProxy section */

/* Begin PBXFileReference section */
		9C15C4CC245C76500057F181 /* EuphoniumRoutines.app */ = {isa = PBXFileReference; explicitFileType = wrapper.application; includeInIndex = 0; path = EuphoniumRoutines.app; sourceTree = BUILT_PRODUCTS_DIR; };
		9C15C4CF245C76500057F181 /* AppDelegate.swift */ = {isa = PBXFileReference; lastKnownFileType = sourcecode.swift; path = AppDelegate.swift; sourceTree = "<group>"; };
		9C15C4D1245C76500057F181 /* SceneDelegate.swift */ = {isa = PBXFileReference; lastKnownFileType = sourcecode.swift; path = SceneDelegate.swift; sourceTree = "<group>"; };
		9C15C4D3245C76500057F181 /* ContentView.swift */ = {isa = PBXFileReference; lastKnownFileType = sourcecode.swift; path = ContentView.swift; sourceTree = "<group>"; };
		9C15C4D5245C76510057F181 /* Assets.xcassets */ = {isa = PBXFileReference; lastKnownFileType = folder.assetcatalog; path = Assets.xcassets; sourceTree = "<group>"; };
		9C15C4D8245C76510057F181 /* Preview Assets.xcassets */ = {isa = PBXFileReference; lastKnownFileType = folder.assetcatalog; path = "Preview Assets.xcassets"; sourceTree = "<group>"; };
		9C15C4E2245C76510057F181 /* EuphoniumRoutinesTests.xctest */ = {isa = PBXFileReference; explicitFileType = wrapper.cfbundle; includeInIndex = 0; path = EuphoniumRoutinesTests.xctest; sourceTree = BUILT_PRODUCTS_DIR; };
		9C15C4E6245C76510057F181 /* EuphoniumRoutinesTests.swift */ = {isa = PBXFileReference; lastKnownFileType = sourcecode.swift; path = EuphoniumRoutinesTests.swift; sourceTree = "<group>"; };
		9C15C4E8245C76510057F181 /* Info.plist */ = {isa = PBXFileReference; lastKnownFileType = text.plist.xml; path = Info.plist; sourceTree = "<group>"; };
		9C15C4ED245C76510057F181 /* EuphoniumRoutinesUITests.xctest */ = {isa = PBXFileReference; explicitFileType = wrapper.cfbundle; includeInIndex = 0; path = EuphoniumRoutinesUITests.xctest; sourceTree = BUILT_PRODUCTS_DIR; };
		9C15C4F1245C76510057F181 /* EuphoniumRoutinesUITests.swift */ = {isa = PBXFileReference; lastKnownFileType = sourcecode.swift; path = EuphoniumRoutinesUITests.swift; sourceTree = "<group>"; };
		9C15C4F3245C76510057F181 /* Info.plist */ = {isa = PBXFileReference; lastKnownFileType = text.plist.xml; path = Info.plist; sourceTree = "<group>"; };
		9C15C4FF245C77CE0057F181 /* MainView.swift */ = {isa = PBXFileReference; lastKnownFileType = sourcecode.swift; path = MainView.swift; sourceTree = "<group>"; };
		9C15C501245C77F10057F181 /* RoutineView.swift */ = {isa = PBXFileReference; lastKnownFileType = sourcecode.swift; path = RoutineView.swift; sourceTree = "<group>"; };
		9C15C503245C780E0057F181 /* ListView.swift */ = {isa = PBXFileReference; lastKnownFileType = sourcecode.swift; path = ListView.swift; sourceTree = "<group>"; };
		9C15C505245C782A0057F181 /* ExerciseDetailView.swift */ = {isa = PBXFileReference; lastKnownFileType = sourcecode.swift; path = ExerciseDetailView.swift; sourceTree = "<group>"; };
		9C15C507245C78440057F181 /* SettingsView.swift */ = {isa = PBXFileReference; lastKnownFileType = sourcecode.swift; path = SettingsView.swift; sourceTree = "<group>"; };
		9C15C509245C78590057F181 /* Model.swift */ = {isa = PBXFileReference; lastKnownFileType = sourcecode.swift; path = Model.swift; sourceTree = "<group>"; };
		DD12344A255CF92900A33629 /* pt-BR */ = {isa = PBXFileReference; lastKnownFileType = text.plist.strings; name = "pt-BR"; path = "pt-BR.lproj/Localizable.strings"; sourceTree = "<group>"; };
		DD12344B255CF92900A33629 /* pt-BR */ = {isa = PBXFileReference; lastKnownFileType = text.plist.strings; name = "pt-BR"; path = "pt-BR.lproj/InfoPlist.strings"; sourceTree = "<group>"; };
		DD12344C255CF92F00A33629 /* ko */ = {isa = PBXFileReference; lastKnownFileType = text.plist.strings; name = ko; path = ko.lproj/Localizable.strings; sourceTree = "<group>"; };
		DD12344D255CF92F00A33629 /* ko */ = {isa = PBXFileReference; lastKnownFileType = text.plist.strings; name = ko; path = ko.lproj/InfoPlist.strings; sourceTree = "<group>"; };
		DD12344E255CF93500A33629 /* de */ = {isa = PBXFileReference; lastKnownFileType = text.plist.strings; name = de; path = de.lproj/Localizable.strings; sourceTree = "<group>"; };
		DD12344F255CF93500A33629 /* de */ = {isa = PBXFileReference; lastKnownFileType = text.plist.strings; name = de; path = de.lproj/InfoPlist.strings; sourceTree = "<group>"; };
		DD13E5C325252E3E004336F3 /* Info.plist */ = {isa = PBXFileReference; fileEncoding = 4; lastKnownFileType = text.plist.xml; path = Info.plist; sourceTree = "<group>"; };
		DD13E5C925252FCA004336F3 /* en */ = {isa = PBXFileReference; lastKnownFileType = text.plist.strings; name = en; path = en.lproj/InfoPlist.strings; sourceTree = "<group>"; };
		DD13E5CE25252FCE004336F3 /* zh-Hans */ = {isa = PBXFileReference; lastKnownFileType = text.plist.strings; name = "zh-Hans"; path = "zh-Hans.lproj/InfoPlist.strings"; sourceTree = "<group>"; };
		DD13E5D225252FCF004336F3 /* fr */ = {isa = PBXFileReference; lastKnownFileType = text.plist.strings; name = fr; path = fr.lproj/InfoPlist.strings; sourceTree = "<group>"; };
		DD13E5D325252FD0004336F3 /* es-419 */ = {isa = PBXFileReference; lastKnownFileType = text.plist.strings; name = "es-419"; path = "es-419.lproj/InfoPlist.strings"; sourceTree = "<group>"; };
		DD13E5D725253031004336F3 /* FavoritesView.swift */ = {isa = PBXFileReference; lastKnownFileType = sourcecode.swift; path = FavoritesView.swift; sourceTree = "<group>"; };
		DD13E5DF25253040004336F3 /* ExercisePickerView.swift */ = {isa = PBXFileReference; lastKnownFileType = sourcecode.swift; path = ExercisePickerView.swift; sourceTree = "<group>"; };
		DD13E5E425253048004336F3 /* HomeButtonView.swift */ = {isa = PBXFileReference; lastKnownFileType = sourcecode.swift; path = HomeButtonView.swift; sourceTree = "<group>"; };
		DD13E5E925253057004336F3 /* CustomListView.swift */ = {isa = PBXFileReference; lastKnownFileType = sourcecode.swift; path = CustomListView.swift; sourceTree = "<group>"; };
		DD13E5EE25253060004336F3 /* CustomRoutineView.swift */ = {isa = PBXFileReference; lastKnownFileType = sourcecode.swift; path = CustomRoutineView.swift; sourceTree = "<group>"; };
		DD13E5F32525306F004336F3 /* CreateCustomView.swift */ = {isa = PBXFileReference; lastKnownFileType = sourcecode.swift; path = CreateCustomView.swift; sourceTree = "<group>"; };
		DD13E5F825253078004336F3 /* CustomPreviewView.swift */ = {isa = PBXFileReference; lastKnownFileType = sourcecode.swift; path = CustomPreviewView.swift; sourceTree = "<group>"; };
		DD88A0D825002A2500978B84 /* en */ = {isa = PBXFileReference; lastKnownFileType = text.plist.strings; name = en; path = en.lproj/Localizable.strings; sourceTree = "<group>"; };
		DD88A0DB25002A3200978B84 /* Base */ = {isa = PBXFileReference; lastKnownFileType = file.storyboard; name = Base; path = Base.lproj/LaunchScreen.storyboard; sourceTree = "<group>"; };
		DD88A0DC25002A3B00978B84 /* es-419 */ = {isa = PBXFileReference; lastKnownFileType = text.plist.strings; name = "es-419"; path = "es-419.lproj/Localizable.strings"; sourceTree = "<group>"; };
		DD88A0DD25002A4100978B84 /* fr */ = {isa = PBXFileReference; lastKnownFileType = text.plist.strings; name = fr; path = fr.lproj/Localizable.strings; sourceTree = "<group>"; };
		DD88A0DE25002A4E00978B84 /* zh-Hans */ = {isa = PBXFileReference; lastKnownFileType = text.plist.strings; name = "zh-Hans"; path = "zh-Hans.lproj/Localizable.strings"; sourceTree = "<group>"; };
		DDACEE44255A45300045125D /* ja */ = {isa = PBXFileReference; lastKnownFileType = text.plist.strings; name = ja; path = ja.lproj/Localizable.strings; sourceTree = "<group>"; };
		DDACEE45255A45300045125D /* ja */ = {isa = PBXFileReference; lastKnownFileType = text.plist.strings; name = ja; path = ja.lproj/InfoPlist.strings; sourceTree = "<group>"; };
/* End PBXFileReference section */

/* Begin PBXFrameworksBuildPhase section */
		9C15C4C9245C76500057F181 /* Frameworks */ = {
			isa = PBXFrameworksBuildPhase;
			buildActionMask = 2147483647;
			files = (
			);
			runOnlyForDeploymentPostprocessing = 0;
		};
		9C15C4DF245C76510057F181 /* Frameworks */ = {
			isa = PBXFrameworksBuildPhase;
			buildActionMask = 2147483647;
			files = (
			);
			runOnlyForDeploymentPostprocessing = 0;
		};
		9C15C4EA245C76510057F181 /* Frameworks */ = {
			isa = PBXFrameworksBuildPhase;
			buildActionMask = 2147483647;
			files = (
			);
			runOnlyForDeploymentPostprocessing = 0;
		};
/* End PBXFrameworksBuildPhase section */

/* Begin PBXGroup section */
		9C15C4C3245C76500057F181 = {
			isa = PBXGroup;
			children = (
				DD88A0D925002A2500978B84 /* Localizable.strings */,
				9C15C4CE245C76500057F181 /* EuphoniumRoutines */,
				9C15C4CF245C76500057F181 /* AppDelegate.swift */,
				9C15C4D1245C76500057F181 /* SceneDelegate.swift */,
				9C15C4E5245C76510057F181 /* EuphoniumRoutinesTests */,
				9C15C4F0245C76510057F181 /* EuphoniumRoutinesUITests */,
				9C15C4CD245C76500057F181 /* Products */,
			);
			sourceTree = "<group>";
		};
		9C15C4CD245C76500057F181 /* Products */ = {
			isa = PBXGroup;
			children = (
				9C15C4CC245C76500057F181 /* EuphoniumRoutines.app */,
				9C15C4E2245C76510057F181 /* EuphoniumRoutinesTests.xctest */,
				9C15C4ED245C76510057F181 /* EuphoniumRoutinesUITests.xctest */,
			);
			name = Products;
			sourceTree = "<group>";
		};
		9C15C4CE245C76500057F181 /* EuphoniumRoutines */ = {
			isa = PBXGroup;
			children = (
				9C15C4D3245C76500057F181 /* ContentView.swift */,
				9C15C4FF245C77CE0057F181 /* MainView.swift */,
				9C15C501245C77F10057F181 /* RoutineView.swift */,
				DD13E5D725253031004336F3 /* FavoritesView.swift */,
				DD13E5D62525300B004336F3 /* List View */,
				DD13E5D525253002004336F3 /* Custom View */,
				9C15C507245C78440057F181 /* SettingsView.swift */,
				DD13E5D425252FF9004336F3 /* Constructions */,
				9C15C509245C78590057F181 /* Model.swift */,
				9C15C4D5245C76510057F181 /* Assets.xcassets */,
				9C15C4DA245C76510057F181 /* LaunchScreen.storyboard */,
				DD13E5C325252E3E004336F3 /* Info.plist */,
				DD13E5CA25252FCA004336F3 /* InfoPlist.strings */,
				9C15C4D7245C76510057F181 /* Preview Content */,
			);
			path = EuphoniumRoutines;
			sourceTree = "<group>";
		};
		9C15C4D7245C76510057F181 /* Preview Content */ = {
			isa = PBXGroup;
			children = (
				9C15C4D8245C76510057F181 /* Preview Assets.xcassets */,
			);
			path = "Preview Content";
			sourceTree = "<group>";
		};
		9C15C4E5245C76510057F181 /* EuphoniumRoutinesTests */ = {
			isa = PBXGroup;
			children = (
				9C15C4E6245C76510057F181 /* EuphoniumRoutinesTests.swift */,
				9C15C4E8245C76510057F181 /* Info.plist */,
			);
			path = EuphoniumRoutinesTests;
			sourceTree = "<group>";
		};
		9C15C4F0245C76510057F181 /* EuphoniumRoutinesUITests */ = {
			isa = PBXGroup;
			children = (
				9C15C4F1245C76510057F181 /* EuphoniumRoutinesUITests.swift */,
				9C15C4F3245C76510057F181 /* Info.plist */,
			);
			path = EuphoniumRoutinesUITests;
			sourceTree = "<group>";
		};
		DD13E5D425252FF9004336F3 /* Constructions */ = {
			isa = PBXGroup;
			children = (
				DD13E5DF25253040004336F3 /* ExercisePickerView.swift */,
				DD13E5E425253048004336F3 /* HomeButtonView.swift */,
			);
			path = Constructions;
			sourceTree = "<group>";
		};
		DD13E5D525253002004336F3 /* Custom View */ = {
			isa = PBXGroup;
			children = (
				DD13E5E925253057004336F3 /* CustomListView.swift */,
				DD13E5EE25253060004336F3 /* CustomRoutineView.swift */,
				DD13E5F32525306F004336F3 /* CreateCustomView.swift */,
				DD13E5F825253078004336F3 /* CustomPreviewView.swift */,
			);
			path = "Custom View";
			sourceTree = "<group>";
		};
		DD13E5D62525300B004336F3 /* List View */ = {
			isa = PBXGroup;
			children = (
				9C15C503245C780E0057F181 /* ListView.swift */,
				9C15C505245C782A0057F181 /* ExerciseDetailView.swift */,
			);
			path = "List View";
			sourceTree = "<group>";
		};
/* End PBXGroup section */

/* Begin PBXNativeTarget section */
		9C15C4CB245C76500057F181 /* EuphoniumRoutines */ = {
			isa = PBXNativeTarget;
			buildConfigurationList = 9C15C4F6245C76510057F181 /* Build configuration list for PBXNativeTarget "EuphoniumRoutines" */;
			buildPhases = (
				9C15C4C8245C76500057F181 /* Sources */,
				9C15C4C9245C76500057F181 /* Frameworks */,
				9C15C4CA245C76500057F181 /* Resources */,
			);
			buildRules = (
			);
			dependencies = (
			);
			name = EuphoniumRoutines;
			productName = EuphoniumRoutines;
			productReference = 9C15C4CC245C76500057F181 /* EuphoniumRoutines.app */;
			productType = "com.apple.product-type.application";
		};
		9C15C4E1245C76510057F181 /* EuphoniumRoutinesTests */ = {
			isa = PBXNativeTarget;
			buildConfigurationList = 9C15C4F9245C76510057F181 /* Build configuration list for PBXNativeTarget "EuphoniumRoutinesTests" */;
			buildPhases = (
				9C15C4DE245C76510057F181 /* Sources */,
				9C15C4DF245C76510057F181 /* Frameworks */,
				9C15C4E0245C76510057F181 /* Resources */,
			);
			buildRules = (
			);
			dependencies = (
				9C15C4E4245C76510057F181 /* PBXTargetDependency */,
			);
			name = EuphoniumRoutinesTests;
			productName = EuphoniumRoutinesTests;
			productReference = 9C15C4E2245C76510057F181 /* EuphoniumRoutinesTests.xctest */;
			productType = "com.apple.product-type.bundle.unit-test";
		};
		9C15C4EC245C76510057F181 /* EuphoniumRoutinesUITests */ = {
			isa = PBXNativeTarget;
			buildConfigurationList = 9C15C4FC245C76510057F181 /* Build configuration list for PBXNativeTarget "EuphoniumRoutinesUITests" */;
			buildPhases = (
				9C15C4E9245C76510057F181 /* Sources */,
				9C15C4EA245C76510057F181 /* Frameworks */,
				9C15C4EB245C76510057F181 /* Resources */,
			);
			buildRules = (
			);
			dependencies = (
				9C15C4EF245C76510057F181 /* PBXTargetDependency */,
			);
			name = EuphoniumRoutinesUITests;
			productName = EuphoniumRoutinesUITests;
			productReference = 9C15C4ED245C76510057F181 /* EuphoniumRoutinesUITests.xctest */;
			productType = "com.apple.product-type.bundle.ui-testing";
		};
/* End PBXNativeTarget section */

/* Begin PBXProject section */
		9C15C4C4245C76500057F181 /* Project object */ = {
			isa = PBXProject;
			attributes = {
				LastSwiftUpdateCheck = 1140;
				LastUpgradeCheck = 1200;
				ORGANIZATIONNAME = "Alex Burdiss";
				TargetAttributes = {
					9C15C4CB245C76500057F181 = {
						CreatedOnToolsVersion = 11.4.1;
					};
					9C15C4E1245C76510057F181 = {
						CreatedOnToolsVersion = 11.4.1;
						TestTargetID = 9C15C4CB245C76500057F181;
					};
					9C15C4EC245C76510057F181 = {
						CreatedOnToolsVersion = 11.4.1;
						TestTargetID = 9C15C4CB245C76500057F181;
					};
				};
			};
			buildConfigurationList = 9C15C4C7245C76500057F181 /* Build configuration list for PBXProject "EuphoniumRoutines" */;
			compatibilityVersion = "Xcode 9.3";
			developmentRegion = en;
			hasScannedForEncodings = 0;
			knownRegions = (
				en,
				Base,
				"es-419",
				fr,
				"zh-Hans",
				ja,
				"pt-BR",
				ko,
				de,
			);
			mainGroup = 9C15C4C3245C76500057F181;
			productRefGroup = 9C15C4CD245C76500057F181 /* Products */;
			projectDirPath = "";
			projectRoot = "";
			targets = (
				9C15C4CB245C76500057F181 /* EuphoniumRoutines */,
				9C15C4E1245C76510057F181 /* EuphoniumRoutinesTests */,
				9C15C4EC245C76510057F181 /* EuphoniumRoutinesUITests */,
			);
		};
/* End PBXProject section */

/* Begin PBXResourcesBuildPhase section */
		9C15C4CA245C76500057F181 /* Resources */ = {
			isa = PBXResourcesBuildPhase;
			buildActionMask = 2147483647;
			files = (
				9C15C4DC245C76510057F181 /* LaunchScreen.storyboard in Resources */,
				DD13E5C825252FCA004336F3 /* InfoPlist.strings in Resources */,
				DD88A0D725002A2500978B84 /* Localizable.strings in Resources */,
				9C15C4D9245C76510057F181 /* Preview Assets.xcassets in Resources */,
				9C15C4D6245C76510057F181 /* Assets.xcassets in Resources */,
			);
			runOnlyForDeploymentPostprocessing = 0;
		};
		9C15C4E0245C76510057F181 /* Resources */ = {
			isa = PBXResourcesBuildPhase;
			buildActionMask = 2147483647;
			files = (
			);
			runOnlyForDeploymentPostprocessing = 0;
		};
		9C15C4EB245C76510057F181 /* Resources */ = {
			isa = PBXResourcesBuildPhase;
			buildActionMask = 2147483647;
			files = (
			);
			runOnlyForDeploymentPostprocessing = 0;
		};
/* End PBXResourcesBuildPhase section */

/* Begin PBXSourcesBuildPhase section */
		9C15C4C8245C76500057F181 /* Sources */ = {
			isa = PBXSourcesBuildPhase;
			buildActionMask = 2147483647;
			files = (
				DD13E5EF25253060004336F3 /* CustomRoutineView.swift in Sources */,
				DD13E5D825253031004336F3 /* FavoritesView.swift in Sources */,
				9C15C50A245C78590057F181 /* Model.swift in Sources */,
				9C15C506245C782A0057F181 /* ExerciseDetailView.swift in Sources */,
				9C15C508245C78440057F181 /* SettingsView.swift in Sources */,
				DD13E5EA25253057004336F3 /* CustomListView.swift in Sources */,
				9C15C4D0245C76500057F181 /* AppDelegate.swift in Sources */,
				DD13E5F42525306F004336F3 /* CreateCustomView.swift in Sources */,
				DD13E5E025253040004336F3 /* ExercisePickerView.swift in Sources */,
				9C15C500245C77CE0057F181 /* MainView.swift in Sources */,
				DD13E5F925253078004336F3 /* CustomPreviewView.swift in Sources */,
				DD13E5E525253048004336F3 /* HomeButtonView.swift in Sources */,
				9C15C504245C780E0057F181 /* ListView.swift in Sources */,
				9C15C502245C77F10057F181 /* RoutineView.swift in Sources */,
				9C15C4D2245C76500057F181 /* SceneDelegate.swift in Sources */,
				9C15C4D4245C76500057F181 /* ContentView.swift in Sources */,
			);
			runOnlyForDeploymentPostprocessing = 0;
		};
		9C15C4DE245C76510057F181 /* Sources */ = {
			isa = PBXSourcesBuildPhase;
			buildActionMask = 2147483647;
			files = (
				9C15C4E7245C76510057F181 /* EuphoniumRoutinesTests.swift in Sources */,
			);
			runOnlyForDeploymentPostprocessing = 0;
		};
		9C15C4E9245C76510057F181 /* Sources */ = {
			isa = PBXSourcesBuildPhase;
			buildActionMask = 2147483647;
			files = (
				9C15C4F2245C76510057F181 /* EuphoniumRoutinesUITests.swift in Sources */,
			);
			runOnlyForDeploymentPostprocessing = 0;
		};
/* End PBXSourcesBuildPhase section */

/* Begin PBXTargetDependency section */
		9C15C4E4245C76510057F181 /* PBXTargetDependency */ = {
			isa = PBXTargetDependency;
			target = 9C15C4CB245C76500057F181 /* EuphoniumRoutines */;
			targetProxy = 9C15C4E3245C76510057F181 /* PBXContainerItemProxy */;
		};
		9C15C4EF245C76510057F181 /* PBXTargetDependency */ = {
			isa = PBXTargetDependency;
			target = 9C15C4CB245C76500057F181 /* EuphoniumRoutines */;
			targetProxy = 9C15C4EE245C76510057F181 /* PBXContainerItemProxy */;
		};
/* End PBXTargetDependency section */

/* Begin PBXVariantGroup section */
		9C15C4DA245C76510057F181 /* LaunchScreen.storyboard */ = {
			isa = PBXVariantGroup;
			children = (
				DD88A0DB25002A3200978B84 /* Base */,
			);
			name = LaunchScreen.storyboard;
			sourceTree = "<group>";
		};
		DD13E5CA25252FCA004336F3 /* InfoPlist.strings */ = {
			isa = PBXVariantGroup;
			children = (
				DD13E5C925252FCA004336F3 /* en */,
				DD13E5CE25252FCE004336F3 /* zh-Hans */,
				DD13E5D225252FCF004336F3 /* fr */,
				DD13E5D325252FD0004336F3 /* es-419 */,
				DDACEE45255A45300045125D /* ja */,
				DD12344B255CF92900A33629 /* pt-BR */,
				DD12344D255CF92F00A33629 /* ko */,
				DD12344F255CF93500A33629 /* de */,
			);
			name = InfoPlist.strings;
			sourceTree = "<group>";
		};
		DD88A0D925002A2500978B84 /* Localizable.strings */ = {
			isa = PBXVariantGroup;
			children = (
				DD88A0D825002A2500978B84 /* en */,
				DD88A0DC25002A3B00978B84 /* es-419 */,
				DD88A0DD25002A4100978B84 /* fr */,
				DD88A0DE25002A4E00978B84 /* zh-Hans */,
				DDACEE44255A45300045125D /* ja */,
				DD12344A255CF92900A33629 /* pt-BR */,
				DD12344C255CF92F00A33629 /* ko */,
				DD12344E255CF93500A33629 /* de */,
			);
			name = Localizable.strings;
			sourceTree = "<group>";
		};
/* End PBXVariantGroup section */

/* Begin XCBuildConfiguration section */
		9C15C4F4245C76510057F181 /* Debug */ = {
			isa = XCBuildConfiguration;
			buildSettings = {
				ALWAYS_SEARCH_USER_PATHS = NO;
				CLANG_ANALYZER_LOCALIZABILITY_NONLOCALIZED = YES;
				CLANG_ANALYZER_NONNULL = YES;
				CLANG_ANALYZER_NUMBER_OBJECT_CONVERSION = YES_AGGRESSIVE;
				CLANG_CXX_LANGUAGE_STANDARD = "gnu++14";
				CLANG_CXX_LIBRARY = "libc++";
				CLANG_ENABLE_MODULES = YES;
				CLANG_ENABLE_OBJC_ARC = YES;
				CLANG_ENABLE_OBJC_WEAK = YES;
				CLANG_WARN_BLOCK_CAPTURE_AUTORELEASING = YES;
				CLANG_WARN_BOOL_CONVERSION = YES;
				CLANG_WARN_COMMA = YES;
				CLANG_WARN_CONSTANT_CONVERSION = YES;
				CLANG_WARN_DEPRECATED_OBJC_IMPLEMENTATIONS = YES;
				CLANG_WARN_DIRECT_OBJC_ISA_USAGE = YES_ERROR;
				CLANG_WARN_DOCUMENTATION_COMMENTS = YES;
				CLANG_WARN_EMPTY_BODY = YES;
				CLANG_WARN_ENUM_CONVERSION = YES;
				CLANG_WARN_INFINITE_RECURSION = YES;
				CLANG_WARN_INT_CONVERSION = YES;
				CLANG_WARN_NON_LITERAL_NULL_CONVERSION = YES;
				CLANG_WARN_OBJC_IMPLICIT_RETAIN_SELF = YES;
				CLANG_WARN_OBJC_LITERAL_CONVERSION = YES;
				CLANG_WARN_OBJC_ROOT_CLASS = YES_ERROR;
				CLANG_WARN_QUOTED_INCLUDE_IN_FRAMEWORK_HEADER = YES;
				CLANG_WARN_RANGE_LOOP_ANALYSIS = YES;
				CLANG_WARN_STRICT_PROTOTYPES = YES;
				CLANG_WARN_SUSPICIOUS_MOVE = YES;
				CLANG_WARN_UNGUARDED_AVAILABILITY = YES_AGGRESSIVE;
				CLANG_WARN_UNREACHABLE_CODE = YES;
				CLANG_WARN__DUPLICATE_METHOD_MATCH = YES;
				COPY_PHASE_STRIP = NO;
				DEBUG_INFORMATION_FORMAT = dwarf;
				ENABLE_STRICT_OBJC_MSGSEND = YES;
				ENABLE_TESTABILITY = YES;
				GCC_C_LANGUAGE_STANDARD = gnu11;
				GCC_DYNAMIC_NO_PIC = NO;
				GCC_NO_COMMON_BLOCKS = YES;
				GCC_OPTIMIZATION_LEVEL = 0;
				GCC_PREPROCESSOR_DEFINITIONS = (
					"DEBUG=1",
					"$(inherited)",
				);
				GCC_WARN_64_TO_32_BIT_CONVERSION = YES;
				GCC_WARN_ABOUT_RETURN_TYPE = YES_ERROR;
				GCC_WARN_UNDECLARED_SELECTOR = YES;
				GCC_WARN_UNINITIALIZED_AUTOS = YES_AGGRESSIVE;
				GCC_WARN_UNUSED_FUNCTION = YES;
				GCC_WARN_UNUSED_VARIABLE = YES;
				IPHONEOS_DEPLOYMENT_TARGET = 14.0;
				MTL_ENABLE_DEBUG_INFO = INCLUDE_SOURCE;
				MTL_FAST_MATH = YES;
				ONLY_ACTIVE_ARCH = YES;
				PRODUCT_NAME = "Euph Routines";
				SDKROOT = iphoneos;
				SWIFT_ACTIVE_COMPILATION_CONDITIONS = DEBUG;
				SWIFT_OPTIMIZATION_LEVEL = "-Onone";
			};
			name = Debug;
		};
		9C15C4F5245C76510057F181 /* Release */ = {
			isa = XCBuildConfiguration;
			buildSettings = {
				ALWAYS_SEARCH_USER_PATHS = NO;
				CLANG_ANALYZER_LOCALIZABILITY_NONLOCALIZED = YES;
				CLANG_ANALYZER_NONNULL = YES;
				CLANG_ANALYZER_NUMBER_OBJECT_CONVERSION = YES_AGGRESSIVE;
				CLANG_CXX_LANGUAGE_STANDARD = "gnu++14";
				CLANG_CXX_LIBRARY = "libc++";
				CLANG_ENABLE_MODULES = YES;
				CLANG_ENABLE_OBJC_ARC = YES;
				CLANG_ENABLE_OBJC_WEAK = YES;
				CLANG_WARN_BLOCK_CAPTURE_AUTORELEASING = YES;
				CLANG_WARN_BOOL_CONVERSION = YES;
				CLANG_WARN_COMMA = YES;
				CLANG_WARN_CONSTANT_CONVERSION = YES;
				CLANG_WARN_DEPRECATED_OBJC_IMPLEMENTATIONS = YES;
				CLANG_WARN_DIRECT_OBJC_ISA_USAGE = YES_ERROR;
				CLANG_WARN_DOCUMENTATION_COMMENTS = YES;
				CLANG_WARN_EMPTY_BODY = YES;
				CLANG_WARN_ENUM_CONVERSION = YES;
				CLANG_WARN_INFINITE_RECURSION = YES;
				CLANG_WARN_INT_CONVERSION = YES;
				CLANG_WARN_NON_LITERAL_NULL_CONVERSION = YES;
				CLANG_WARN_OBJC_IMPLICIT_RETAIN_SELF = YES;
				CLANG_WARN_OBJC_LITERAL_CONVERSION = YES;
				CLANG_WARN_OBJC_ROOT_CLASS = YES_ERROR;
				CLANG_WARN_QUOTED_INCLUDE_IN_FRAMEWORK_HEADER = YES;
				CLANG_WARN_RANGE_LOOP_ANALYSIS = YES;
				CLANG_WARN_STRICT_PROTOTYPES = YES;
				CLANG_WARN_SUSPICIOUS_MOVE = YES;
				CLANG_WARN_UNGUARDED_AVAILABILITY = YES_AGGRESSIVE;
				CLANG_WARN_UNREACHABLE_CODE = YES;
				CLANG_WARN__DUPLICATE_METHOD_MATCH = YES;
				COPY_PHASE_STRIP = NO;
				DEBUG_INFORMATION_FORMAT = "dwarf-with-dsym";
				ENABLE_NS_ASSERTIONS = NO;
				ENABLE_STRICT_OBJC_MSGSEND = YES;
				GCC_C_LANGUAGE_STANDARD = gnu11;
				GCC_NO_COMMON_BLOCKS = YES;
				GCC_WARN_64_TO_32_BIT_CONVERSION = YES;
				GCC_WARN_ABOUT_RETURN_TYPE = YES_ERROR;
				GCC_WARN_UNDECLARED_SELECTOR = YES;
				GCC_WARN_UNINITIALIZED_AUTOS = YES_AGGRESSIVE;
				GCC_WARN_UNUSED_FUNCTION = YES;
				GCC_WARN_UNUSED_VARIABLE = YES;
				IPHONEOS_DEPLOYMENT_TARGET = 14.0;
				MTL_ENABLE_DEBUG_INFO = NO;
				MTL_FAST_MATH = YES;
				PRODUCT_NAME = "Euph Routines";
				SDKROOT = iphoneos;
				SWIFT_COMPILATION_MODE = wholemodule;
				SWIFT_OPTIMIZATION_LEVEL = "-O";
				VALIDATE_PRODUCT = YES;
			};
			name = Release;
		};
		9C15C4F7245C76510057F181 /* Debug */ = {
			isa = XCBuildConfiguration;
			buildSettings = {
				ASSETCATALOG_COMPILER_APPICON_NAME = AppIcon;
				CODE_SIGN_STYLE = Automatic;
				CURRENT_PROJECT_VERSION = 2.2.0;
				DEVELOPMENT_ASSET_PATHS = "\"EuphoniumRoutines/Preview Content\"";
				DEVELOPMENT_TEAM = L4SN53B3F6;
				ENABLE_PREVIEWS = YES;
				INFOPLIST_FILE = EuphoniumRoutines/Info.plist;
				LD_RUNPATH_SEARCH_PATHS = (
					"$(inherited)",
					"@executable_path/Frameworks",
				);
				MARKETING_VERSION = 2.2.0;
				PRODUCT_BUNDLE_IDENTIFIER = com.AlexanderBurdiss.EuphoniumRoutines;
				PRODUCT_NAME = "$(TARGET_NAME)";
				SWIFT_VERSION = 5.0;
				TARGETED_DEVICE_FAMILY = "1,2";
			};
			name = Debug;
		};
		9C15C4F8245C76510057F181 /* Release */ = {
			isa = XCBuildConfiguration;
			buildSettings = {
				ASSETCATALOG_COMPILER_APPICON_NAME = AppIcon;
				CODE_SIGN_STYLE = Automatic;
				CURRENT_PROJECT_VERSION = 2.2.0;
				DEVELOPMENT_ASSET_PATHS = "\"EuphoniumRoutines/Preview Content\"";
				DEVELOPMENT_TEAM = L4SN53B3F6;
				ENABLE_PREVIEWS = YES;
				INFOPLIST_FILE = EuphoniumRoutines/Info.plist;
				LD_RUNPATH_SEARCH_PATHS = (
					"$(inherited)",
					"@executable_path/Frameworks",
				);
				MARKETING_VERSION = 2.2.0;
				PRODUCT_BUNDLE_IDENTIFIER = com.AlexanderBurdiss.EuphoniumRoutines;
				PRODUCT_NAME = "$(TARGET_NAME)";
				SWIFT_VERSION = 5.0;
				TARGETED_DEVICE_FAMILY = "1,2";
			};
			name = Release;
		};
		9C15C4FA245C76510057F181 /* Debug */ = {
			isa = XCBuildConfiguration;
			buildSettings = {
				ALWAYS_EMBED_SWIFT_STANDARD_LIBRARIES = YES;
				BUNDLE_LOADER = "$(TEST_HOST)";
				CODE_SIGN_STYLE = Automatic;
				DEVELOPMENT_TEAM = L4SN53B3F6;
				INFOPLIST_FILE = EuphoniumRoutinesTests/Info.plist;
				IPHONEOS_DEPLOYMENT_TARGET = 13.4;
				LD_RUNPATH_SEARCH_PATHS = (
					"$(inherited)",
					"@executable_path/Frameworks",
					"@loader_path/Frameworks",
				);
				PRODUCT_BUNDLE_IDENTIFIER = com.AlexanderBurdiss.EuphoniumRoutinesTests;
				PRODUCT_NAME = "$(TARGET_NAME)";
				SWIFT_VERSION = 5.0;
				TARGETED_DEVICE_FAMILY = "1,2";
				TEST_HOST = "$(BUILT_PRODUCTS_DIR)/EuphoniumRoutines.app/EuphoniumRoutines";
			};
			name = Debug;
		};
		9C15C4FB245C76510057F181 /* Release */ = {
			isa = XCBuildConfiguration;
			buildSettings = {
				ALWAYS_EMBED_SWIFT_STANDARD_LIBRARIES = YES;
				BUNDLE_LOADER = "$(TEST_HOST)";
				CODE_SIGN_STYLE = Automatic;
				DEVELOPMENT_TEAM = L4SN53B3F6;
				INFOPLIST_FILE = EuphoniumRoutinesTests/Info.plist;
				IPHONEOS_DEPLOYMENT_TARGET = 13.4;
				LD_RUNPATH_SEARCH_PATHS = (
					"$(inherited)",
					"@executable_path/Frameworks",
					"@loader_path/Frameworks",
				);
				PRODUCT_BUNDLE_IDENTIFIER = com.AlexanderBurdiss.EuphoniumRoutinesTests;
				PRODUCT_NAME = "$(TARGET_NAME)";
				SWIFT_VERSION = 5.0;
				TARGETED_DEVICE_FAMILY = "1,2";
				TEST_HOST = "$(BUILT_PRODUCTS_DIR)/EuphoniumRoutines.app/EuphoniumRoutines";
			};
			name = Release;
		};
		9C15C4FD245C76510057F181 /* Debug */ = {
			isa = XCBuildConfiguration;
			buildSettings = {
				ALWAYS_EMBED_SWIFT_STANDARD_LIBRARIES = YES;
				CODE_SIGN_STYLE = Automatic;
				DEVELOPMENT_TEAM = L4SN53B3F6;
				INFOPLIST_FILE = EuphoniumRoutinesUITests/Info.plist;
				LD_RUNPATH_SEARCH_PATHS = (
					"$(inherited)",
					"@executable_path/Frameworks",
					"@loader_path/Frameworks",
				);
				PRODUCT_BUNDLE_IDENTIFIER = com.AlexanderBurdiss.EuphoniumRoutinesUITests;
				PRODUCT_NAME = "$(TARGET_NAME)";
				SWIFT_VERSION = 5.0;
				TARGETED_DEVICE_FAMILY = "1,2";
				TEST_TARGET_NAME = EuphoniumRoutines;
			};
			name = Debug;
		};
		9C15C4FE245C76510057F181 /* Release */ = {
			isa = XCBuildConfiguration;
			buildSettings = {
				ALWAYS_EMBED_SWIFT_STANDARD_LIBRARIES = YES;
				CODE_SIGN_STYLE = Automatic;
				DEVELOPMENT_TEAM = L4SN53B3F6;
				INFOPLIST_FILE = EuphoniumRoutinesUITests/Info.plist;
				LD_RUNPATH_SEARCH_PATHS = (
					"$(inherited)",
					"@executable_path/Frameworks",
					"@loader_path/Frameworks",
				);
				PRODUCT_BUNDLE_IDENTIFIER = com.AlexanderBurdiss.EuphoniumRoutinesUITests;
				PRODUCT_NAME = "$(TARGET_NAME)";
				SWIFT_VERSION = 5.0;
				TARGETED_DEVICE_FAMILY = "1,2";
				TEST_TARGET_NAME = EuphoniumRoutines;
			};
			name = Release;
		};
/* End XCBuildConfiguration section */

/* Begin XCConfigurationList section */
		9C15C4C7245C76500057F181 /* Build configuration list for PBXProject "EuphoniumRoutines" */ = {
			isa = XCConfigurationList;
			buildConfigurations = (
				9C15C4F4245C76510057F181 /* Debug */,
				9C15C4F5245C76510057F181 /* Release */,
			);
			defaultConfigurationIsVisible = 0;
			defaultConfigurationName = Release;
		};
		9C15C4F6245C76510057F181 /* Build configuration list for PBXNativeTarget "EuphoniumRoutines" */ = {
			isa = XCConfigurationList;
			buildConfigurations = (
				9C15C4F7245C76510057F181 /* Debug */,
				9C15C4F8245C76510057F181 /* Release */,
			);
			defaultConfigurationIsVisible = 0;
			defaultConfigurationName = Release;
		};
		9C15C4F9245C76510057F181 /* Build configuration list for PBXNativeTarget "EuphoniumRoutinesTests" */ = {
			isa = XCConfigurationList;
			buildConfigurations = (
				9C15C4FA245C76510057F181 /* Debug */,
				9C15C4FB245C76510057F181 /* Release */,
			);
			defaultConfigurationIsVisible = 0;
			defaultConfigurationName = Release;
		};
		9C15C4FC245C76510057F181 /* Build configuration list for PBXNativeTarget "EuphoniumRoutinesUITests" */ = {
			isa = XCConfigurationList;
			buildConfigurations = (
				9C15C4FD245C76510057F181 /* Debug */,
				9C15C4FE245C76510057F181 /* Release */,
			);
			defaultConfigurationIsVisible = 0;
			defaultConfigurationName = Release;
		};
/* End XCConfigurationList section */
	};
	rootObject = 9C15C4C4245C76500057F181 /* Project object */;
}
