// !$*UTF8*$!
{
	archiveVersion = 1;
	classes = {
	};
	objectVersion = 50;
	objects = {

/* Begin PBXBuildFile section */
		9C15C4D0245C76500057F181 /* AppDelegate.swift in Sources */ = {isa = PBXBuildFile; fileRef = 9C15C4CF245C76500057F181 /* AppDelegate.swift */; };
		9C15C4D2245C76500057F181 /* SceneDelegate.swift in Sources */ = {isa = PBXBuildFile; fileRef = 9C15C4D1245C76500057F181 /* SceneDelegate.swift */; };
		9C15C4D4245C76500057F181 /* ContentView.swift in Sources */ = {isa = PBXBuildFile; fileRef = 9C15C4D3245C76500057F181 /* ContentView.swift */; };
		9C15C4D6245C76510057F181 /* Assets.xcassets in Resources */ = {isa = PBXBuildFile; fileRef = 9C15C4D5245C76510057F181 /* Assets.xcassets */; };
		9C15C4D9245C76510057F181 /* Preview Assets.xcassets in Resources */ = {isa = PBXBuildFile; fileRef = 9C15C4D8245C76510057F181 /* Preview Assets.xcassets */; };
		9C15C4DC245C76510057F181 /* LaunchScreen.storyboard in Resources */ = {isa = PBXBuildFile; fileRef = 9C15C4DA245C76510057F181 /* LaunchScreen.storyboard */; };
		9C15C4E7245C76510057F181 /* EuphoniumRoutinesTests.swift in Sources */ = {isa = PBXBuildFile; fileRef = 9C15C4E6245C76510057F181 /* EuphoniumRoutinesTests.swift */; };
		9C15C4F2245C76510057F181 /* EuphoniumRoutinesUITests.swift in Sources */ = {isa = PBXBuildFile; fileRef = 9C15C4F1245C76510057F181 /* EuphoniumRoutinesUITests.swift */; };
/* End PBXBuildFile section */

/* Begin PBXContainerItemProxy section */
		9C15C4E3245C76510057F181 /* PBXContainerItemProxy */ = {
			isa = PBXContainerItemProxy;
			containerPortal = 9C15C4C4245C76500057F181 /* Project object */;
			proxyType = 1;
			remoteGlobalIDString = 9C15C4CB245C76500057F181;
			remoteInfo = EuphoniumRoutines;
		};
		9C15C4EE245C76510057F181 /* PBXContainerItemProxy */ = {
			isa = PBXContainerItemProxy;
			containerPortal = 9C15C4C4245C76500057F181 /* Project object */;
			proxyType = 1;
			remoteGlobalIDString = 9C15C4CB245C76500057F181;
			remoteInfo = EuphoniumRoutines;
		};
/* End PBXContainerItemProxy section */

/* Begin PBXFileReference section */
		9C15C4CC245C76500057F181 /* EuphoniumRoutines.app */ = {isa = PBXFileReference; explicitFileType = wrapper.application; includeInIndex = 0; path = EuphoniumRoutines.app; sourceTree = BUILT_PRODUCTS_DIR; };
		9C15C4CF245C76500057F181 /* AppDelegate.swift */ = {isa = PBXFileReference; lastKnownFileType = sourcecode.swift; path = AppDelegate.swift; sourceTree = "<group>"; };
		9C15C4D1245C76500057F181 /* SceneDelegate.swift */ = {isa = PBXFileReference; lastKnownFileType = sourcecode.swift; path = SceneDelegate.swift; sourceTree = "<group>"; };
		9C15C4D3245C76500057F181 /* ContentView.swift */ = {isa = PBXFileReference; lastKnownFileType = sourcecode.swift; path = ContentView.swift; sourceTree = "<group>"; };
		9C15C4D5245C76510057F181 /* Assets.xcassets */ = {isa = PBXFileReference; lastKnownFileType = folder.assetcatalog; path = Assets.xcassets; sourceTree = "<group>"; };
		9C15C4D8245C76510057F181 /* Preview Assets.xcassets */ = {isa = PBXFileReference; lastKnownFileType = folder.assetcatalog; path = "Preview Assets.xcassets"; sourceTree = "<group>"; };
		9C15C4DB245C76510057F181 /* Base */ = {isa = PBXFileReference; lastKnownFileType = file.storyboard; name = Base; path = Base.lproj/LaunchScreen.storyboard; sourceTree = "<group>"; };
		9C15C4DD245C76510057F181 /* Info.plist */ = {isa = PBXFileReference; lastKnownFileType = text.plist.xml; path = Info.plist; sourceTree = "<group>"; };
		9C15C4E2245C76510057F181 /* EuphoniumRoutinesTests.xctest */ = {isa = PBXFileReference; explicitFileType = wrapper.cfbundle; includeInIndex = 0; path = EuphoniumRoutinesTests.xctest; sourceTree = BUILT_PRODUCTS_DIR; };
		9C15C4E6245C76510057F181 /* EuphoniumRoutinesTests.swift */ = {isa = PBXFileReference; lastKnownFileType = sourcecode.swift; path = EuphoniumRoutinesTests.swift; sourceTree = "<group>"; };
		9C15C4E8245C76510057F181 /* Info.plist */ = {isa = PBXFileReference; lastKnownFileType = text.plist.xml; path = Info.plist; sourceTree = "<group>"; };
		9C15C4ED245C76510057F181 /* EuphoniumRoutinesUITests.xctest */ = {isa = PBXFileReference; explicitFileType = wrapper.cfbundle; includeInIndex = 0; path = EuphoniumRoutinesUITests.xctest; sourceTree = BUILT_PRODUCTS_DIR; };
		9C15C4F1245C76510057F181 /* EuphoniumRoutinesUITests.swift */ = {isa = PBXFileReference; lastKnownFileType = sourcecode.swift; path = EuphoniumRoutinesUITests.swift; sourceTree = "<group>"; };
		9C15C4F3245C76510057F181 /* Info.plist */ = {isa = PBXFileReference; lastKnownFileType = text.plist.xml; path = Info.plist; sourceTree = "<group>"; };
/* End PBXFileReference section */

/* Begin PBXFrameworksBuildPhase section */
		9C15C4C9245C76500057F181 /* Frameworks */ = {
			isa = PBXFrameworksBuildPhase;
			buildActionMask = 2147483647;
			files = (
			);
			runOnlyForDeploymentPostprocessing = 0;
		};
		9C15C4DF245C76510057F181 /* Frameworks */ = {
			isa = PBXFrameworksBuildPhase;
			buildActionMask = 2147483647;
			files = (
			);
			runOnlyForDeploymentPostprocessing = 0;
		};
		9C15C4EA245C76510057F181 /* Frameworks */ = {
			isa = PBXFrameworksBuildPhase;
			buildActionMask = 2147483647;
			files = (
			);
			runOnlyForDeploymentPostprocessing = 0;
		};
/* End PBXFrameworksBuildPhase section */

/* Begin PBXGroup section */
		9C15C4C3245C76500057F181 = {
			isa = PBXGroup;
			children = (
				9C15C4CE245C76500057F181 /* EuphoniumRoutines */,
				9C15C4E5245C76510057F181 /* EuphoniumRoutinesTests */,
				9C15C4F0245C76510057F181 /* EuphoniumRoutinesUITests */,
				9C15C4CD245C76500057F181 /* Products */,
			);
			sourceTree = "<group>";
		};
		9C15C4CD245C76500057F181 /* Products */ = {
			isa = PBXGroup;
			children = (
				9C15C4CC245C76500057F181 /* EuphoniumRoutines.app */,
				9C15C4E2245C76510057F181 /* EuphoniumRoutinesTests.xctest */,
				9C15C4ED245C76510057F181 /* EuphoniumRoutinesUITests.xctest */,
			);
			name = Products;
			sourceTree = "<group>";
		};
		9C15C4CE245C76500057F181 /* EuphoniumRoutines */ = {
			isa = PBXGroup;
			children = (
				9C15C4CF245C76500057F181 /* AppDelegate.swift */,
				9C15C4D1245C76500057F181 /* SceneDelegate.swift */,
				9C15C4D3245C76500057F181 /* ContentView.swift */,
				9C15C4D5245C76510057F181 /* Assets.xcassets */,
				9C15C4DA245C76510057F181 /* LaunchScreen.storyboard */,
				9C15C4DD245C76510057F181 /* Info.plist */,
				9C15C4D7245C76510057F181 /* Preview Content */,
			);
			path = EuphoniumRoutines;
			sourceTree = "<group>";
		};
		9C15C4D7245C76510057F181 /* Preview Content */ = {
			isa = PBXGroup;
			children = (
				9C15C4D8245C76510057F181 /* Preview Assets.xcassets */,
			);
			path = "Preview Content";
			sourceTree = "<group>";
		};
		9C15C4E5245C76510057F181 /* EuphoniumRoutinesTests */ = {
			isa = PBXGroup;
			children = (
				9C15C4E6245C76510057F181 /* EuphoniumRoutinesTests.swift */,
				9C15C4E8245C76510057F181 /* Info.plist */,
			);
			path = EuphoniumRoutinesTests;
			sourceTree = "<group>";
		};
		9C15C4F0245C76510057F181 /* EuphoniumRoutinesUITests */ = {
			isa = PBXGroup;
			children = (
				9C15C4F1245C76510057F181 /* EuphoniumRoutinesUITests.swift */,
				9C15C4F3245C76510057F181 /* Info.plist */,
			);
			path = EuphoniumRoutinesUITests;
			sourceTree = "<group>";
		};
/* End PBXGroup section */

/* Begin PBXNativeTarget section */
		9C15C4CB245C76500057F181 /* EuphoniumRoutines */ = {
			isa = PBXNativeTarget;
			buildConfigurationList = 9C15C4F6245C76510057F181 /* Build configuration list for PBXNativeTarget "EuphoniumRoutines" */;
			buildPhases = (
				9C15C4C8245C76500057F181 /* Sources */,
				9C15C4C9245C76500057F181 /* Frameworks */,
				9C15C4CA245C76500057F181 /* Resources */,
			);
			buildRules = (
			);
			dependencies = (
			);
			name = EuphoniumRoutines;
			productName = EuphoniumRoutines;
			productReference = 9C15C4CC245C76500057F181 /* EuphoniumRoutines.app */;
			productType = "com.apple.product-type.application";
		};
		9C15C4E1245C76510057F181 /* EuphoniumRoutinesTests */ = {
			isa = PBXNativeTarget;
			buildConfigurationList = 9C15C4F9245C76510057F181 /* Build configuration list for PBXNativeTarget "EuphoniumRoutinesTests" */;
			buildPhases = (
				9C15C4DE245C76510057F181 /* Sources */,
				9C15C4DF245C76510057F181 /* Frameworks */,
				9C15C4E0245C76510057F181 /* Resources */,
			);
			buildRules = (
			);
			dependencies = (
				9C15C4E4245C76510057F181 /* PBXTargetDependency */,
			);
			name = EuphoniumRoutinesTests;
			productName = EuphoniumRoutinesTests;
			productReference = 9C15C4E2245C76510057F181 /* EuphoniumRoutinesTests.xctest */;
			productType = "com.apple.product-type.bundle.unit-test";
		};
		9C15C4EC245C76510057F181 /* EuphoniumRoutinesUITests */ = {
			isa = PBXNativeTarget;
			buildConfigurationList = 9C15C4FC245C76510057F181 /* Build configuration list for PBXNativeTarget "EuphoniumRoutinesUITests" */;
			buildPhases = (
				9C15C4E9245C76510057F181 /* Sources */,
				9C15C4EA245C76510057F181 /* Frameworks */,
				9C15C4EB245C76510057F181 /* Resources */,
			);
			buildRules = (
			);
			dependencies = (
				9C15C4EF245C76510057F181 /* PBXTargetDependency */,
			);
			name = EuphoniumRoutinesUITests;
			productName = EuphoniumRoutinesUITests;
			productReference = 9C15C4ED245C76510057F181 /* EuphoniumRoutinesUITests.xctest */;
			productType = "com.apple.product-type.bundle.ui-testing";
		};
/* End PBXNativeTarget section */

/* Begin PBXProject section */
		9C15C4C4245C76500057F181 /* Project object */ = {
			isa = PBXProject;
			attributes = {
				LastSwiftUpdateCheck = 1140;
				LastUpgradeCheck = 1140;
				ORGANIZATIONNAME = "Alex Burdiss";
				TargetAttributes = {
					9C15C4CB245C76500057F181 = {
						CreatedOnToolsVersion = 11.4.1;
					};
					9C15C4E1245C76510057F181 = {
						CreatedOnToolsVersion = 11.4.1;
						TestTargetID = 9C15C4CB245C76500057F181;
					};
					9C15C4EC245C76510057F181 = {
						CreatedOnToolsVersion = 11.4.1;
						TestTargetID = 9C15C4CB245C76500057F181;
					};
				};
			};
			buildConfigurationList = 9C15C4C7245C76500057F181 /* Build configuration list for PBXProject "EuphoniumRoutines" */;
			compatibilityVersion = "Xcode 9.3";
			developmentRegion = en;
			hasScannedForEncodings = 0;
			knownRegions = (
				en,
				Base,
			);
			mainGroup = 9C15C4C3245C76500057F181;
			productRefGroup = 9C15C4CD245C76500057F181 /* Products */;
			projectDirPath = "";
			projectRoot = "";
			targets = (
				9C15C4CB245C76500057F181 /* EuphoniumRoutines */,
				9C15C4E1245C76510057F181 /* EuphoniumRoutinesTests */,
				9C15C4EC245C76510057F181 /* EuphoniumRoutinesUITests */,
			);
		};
/* End PBXProject section */

/* Begin PBXResourcesBuildPhase section */
		9C15C4CA245C76500057F181 /* Resources */ = {
			isa = PBXResourcesBuildPhase;
			buildActionMask = 2147483647;
			files = (
				9C15C4DC245C76510057F181 /* LaunchScreen.storyboard in Resources */,
				9C15C4D9245C76510057F181 /* Preview Assets.xcassets in Resources */,
				9C15C4D6245C76510057F181 /* Assets.xcassets in Resources */,
			);
			runOnlyForDeploymentPostprocessing = 0;
		};
		9C15C4E0245C76510057F181 /* Resources */ = {
			isa = PBXResourcesBuildPhase;
			buildActionMask = 2147483647;
			files = (
			);
			runOnlyForDeploymentPostprocessing = 0;
		};
		9C15C4EB245C76510057F181 /* Resources */ = {
			isa = PBXResourcesBuildPhase;
			buildActionMask = 2147483647;
			files = (
			);
			runOnlyForDeploymentPostprocessing = 0;
		};
/* End PBXResourcesBuildPhase section */

/* Begin PBXSourcesBuildPhase section */
		9C15C4C8245C76500057F181 /* Sources */ = {
			isa = PBXSourcesBuildPhase;
			buildActionMask = 2147483647;
			files = (
				9C15C4D0245C76500057F181 /* AppDelegate.swift in Sources */,
				9C15C4D2245C76500057F181 /* SceneDelegate.swift in Sources */,
				9C15C4D4245C76500057F181 /* ContentView.swift in Sources */,
			);
			runOnlyForDeploymentPostprocessing = 0;
		};
		9C15C4DE245C76510057F181 /* Sources */ = {
			isa = PBXSourcesBuildPhase;
			buildActionMask = 2147483647;
			files = (
				9C15C4E7245C76510057F181 /* EuphoniumRoutinesTests.swift in Sources */,
			);
			runOnlyForDeploymentPostprocessing = 0;
		};
		9C15C4E9245C76510057F181 /* Sources */ = {
			isa = PBXSourcesBuildPhase;
			buildActionMask = 2147483647;
			files = (
				9C15C4F2245C76510057F181 /* EuphoniumRoutinesUITests.swift in Sources */,
			);
			runOnlyForDeploymentPostprocessing = 0;
		};
/* End PBXSourcesBuildPhase section */

/* Begin PBXTargetDependency section */
		9C15C4E4245C76510057F181 /* PBXTargetDependency */ = {
			isa = PBXTargetDependency;
			target = 9C15C4CB245C76500057F181 /* EuphoniumRoutines */;
			targetProxy = 9C15C4E3245C76510057F181 /* PBXContainerItemProxy */;
		};
		9C15C4EF245C76510057F181 /* PBXTargetDependency */ = {
			isa = PBXTargetDependency;
			target = 9C15C4CB245C76500057F181 /* EuphoniumRoutines */;
			targetProxy = 9C15C4EE245C76510057F181 /* PBXContainerItemProxy */;
		};
/* End PBXTargetDependency section */

/* Begin PBXVariantGroup section */
		9C15C4DA245C76510057F181 /* LaunchScreen.storyboard */ = {
			isa = PBXVariantGroup;
			children = (
				9C15C4DB245C76510057F181 /* Base */,
			);
			name = LaunchScreen.storyboard;
			sourceTree = "<group>";
		};
/* End PBXVariantGroup section */

/* Begin XCBuildConfiguration section */
		9C15C4F4245C76510057F181 /* Debug */ = {
			isa = XCBuildConfiguration;
			buildSettings = {
				ALWAYS_SEARCH_USER_PATHS = NO;
				CLANG_ANALYZER_NONNULL = YES;
				CLANG_ANALYZER_NUMBER_OBJECT_CONVERSION = YES_AGGRESSIVE;
				CLANG_CXX_LANGUAGE_STANDARD = "gnu++14";
				CLANG_CXX_LIBRARY = "libc++";
				CLANG_ENABLE_MODULES = YES;
				CLANG_ENABLE_OBJC_ARC = YES;
				CLANG_ENABLE_OBJC_WEAK = YES;
				CLANG_WARN_BLOCK_CAPTURE_AUTORELEASING = YES;
				CLANG_WARN_BOOL_CONVERSION = YES;
				CLANG_WARN_COMMA = YES;
				CLANG_WARN_CONSTANT_CONVERSION = YES;
				CLANG_WARN_DEPRECATED_OBJC_IMPLEMENTATIONS = YES;
				CLANG_WARN_DIRECT_OBJC_ISA_USAGE = YES_ERROR;
				CLANG_WARN_DOCUMENTATION_COMMENTS = YES;
				CLANG_WARN_EMPTY_BODY = YES;
				CLANG_WARN_ENUM_CONVERSION = YES;
				CLANG_WARN_INFINITE_RECURSION = YES;
				CLANG_WARN_INT_CONVERSION = YES;
				CLANG_WARN_NON_LITERAL_NULL_CONVERSION = YES;
				CLANG_WARN_OBJC_IMPLICIT_RETAIN_SELF = YES;
				CLANG_WARN_OBJC_LITERAL_CONVERSION = YES;
				CLANG_WARN_OBJC_ROOT_CLASS = YES_ERROR;
				CLANG_WARN_RANGE_LOOP_ANALYSIS = YES;
				CLANG_WARN_STRICT_PROTOTYPES = YES;
				CLANG_WARN_SUSPICIOUS_MOVE = YES;
				CLANG_WARN_UNGUARDED_AVAILABILITY = YES_AGGRESSIVE;
				CLANG_WARN_UNREACHABLE_CODE = YES;
				CLANG_WARN__DUPLICATE_METHOD_MATCH = YES;
				COPY_PHASE_STRIP = NO;
				DEBUG_INFORMATION_FORMAT = dwarf;
				ENABLE_STRICT_OBJC_MSGSEND = YES;
				ENABLE_TESTABILITY = YES;
				GCC_C_LANGUAGE_STANDARD = gnu11;
				GCC_DYNAMIC_NO_PIC = NO;
				GCC_NO_COMMON_BLOCKS = YES;
				GCC_OPTIMIZATION_LEVEL = 0;
				GCC_PREPROCESSOR_DEFINITIONS = (
					"DEBUG=1",
					"$(inherited)",
				);
				GCC_WARN_64_TO_32_BIT_CONVERSION = YES;
				GCC_WARN_ABOUT_RETURN_TYPE = YES_ERROR;
				GCC_WARN_UNDECLARED_SELECTOR = YES;
				GCC_WARN_UNINITIALIZED_AUTOS = YES_AGGRESSIVE;
				GCC_WARN_UNUSED_FUNCTION = YES;
				GCC_WARN_UNUSED_VARIABLE = YES;
				IPHONEOS_DEPLOYMENT_TARGET = 13.4;
				MTL_ENABLE_DEBUG_INFO = INCLUDE_SOURCE;
				MTL_FAST_MATH = YES;
				ONLY_ACTIVE_ARCH = YES;
				SDKROOT = iphoneos;
				SWIFT_ACTIVE_COMPILATION_CONDITIONS = DEBUG;
				SWIFT_OPTIMIZATION_LEVEL = "-Onone";
			};
			name = Debug;
		};
		9C15C4F5245C76510057F181 /* Release */ = {
			isa = XCBuildConfiguration;
			buildSettings = {
				ALWAYS_SEARCH_USER_PATHS = NO;
				CLANG_ANALYZER_NONNULL = YES;
				CLANG_ANALYZER_NUMBER_OBJECT_CONVERSION = YES_AGGRESSIVE;
				CLANG_CXX_LANGUAGE_STANDARD = "gnu++14";
				CLANG_CXX_LIBRARY = "libc++";
				CLANG_ENABLE_MODULES = YES;
				CLANG_ENABLE_OBJC_ARC = YES;
				CLANG_ENABLE_OBJC_WEAK = YES;
				CLANG_WARN_BLOCK_CAPTURE_AUTORELEASING = YES;
				CLANG_WARN_BOOL_CONVERSION = YES;
				CLANG_WARN_COMMA = YES;
				CLANG_WARN_CONSTANT_CONVERSION = YES;
				CLANG_WARN_DEPRECATED_OBJC_IMPLEMENTATIONS = YES;
				CLANG_WARN_DIRECT_OBJC_ISA_USAGE = YES_ERROR;
				CLANG_WARN_DOCUMENTATION_COMMENTS = YES;
				CLANG_WARN_EMPTY_BODY = YES;
				CLANG_WARN_ENUM_CONVERSION = YES;
				CLANG_WARN_INFINITE_RECURSION = YES;
				CLANG_WARN_INT_CONVERSION = YES;
				CLANG_WARN_NON_LITERAL_NULL_CONVERSION = YES;
				CLANG_WARN_OBJC_IMPLICIT_RETAIN_SELF = YES;
				CLANG_WARN_OBJC_LITERAL_CONVERSION = YES;
				CLANG_WARN_OBJC_ROOT_CLASS = YES_ERROR;
				CLANG_WARN_RANGE_LOOP_ANALYSIS = YES;
				CLANG_WARN_STRICT_PROTOTYPES = YES;
				CLANG_WARN_SUSPICIOUS_MOVE = YES;
				CLANG_WARN_UNGUARDED_AVAILABILITY = YES_AGGRESSIVE;
				CLANG_WARN_UNREACHABLE_CODE = YES;
				CLANG_WARN__DUPLICATE_METHOD_MATCH = YES;
				COPY_PHASE_STRIP = NO;
				DEBUG_INFORMATION_FORMAT = "dwarf-with-dsym";
				ENABLE_NS_ASSERTIONS = NO;
				ENABLE_STRICT_OBJC_MSGSEND = YES;
				GCC_C_LANGUAGE_STANDARD = gnu11;
				GCC_NO_COMMON_BLOCKS = YES;
				GCC_WARN_64_TO_32_BIT_CONVERSION = YES;
				GCC_WARN_ABOUT_RETURN_TYPE = YES_ERROR;
				GCC_WARN_UNDECLARED_SELECTOR = YES;
				GCC_WARN_UNINITIALIZED_AUTOS = YES_AGGRESSIVE;
				GCC_WARN_UNUSED_FUNCTION = YES;
				GCC_WARN_UNUSED_VARIABLE = YES;
				IPHONEOS_DEPLOYMENT_TARGET = 13.4;
				MTL_ENABLE_DEBUG_INFO = NO;
				MTL_FAST_MATH = YES;
				SDKROOT = iphoneos;
				SWIFT_COMPILATION_MODE = wholemodule;
				SWIFT_OPTIMIZATION_LEVEL = "-O";
				VALIDATE_PRODUCT = YES;
			};
			name = Release;
		};
		9C15C4F7245C76510057F181 /* Debug */ = {
			isa = XCBuildConfiguration;
			buildSettings = {
				ASSETCATALOG_COMPILER_APPICON_NAME = AppIcon;
				CODE_SIGN_STYLE = Automatic;
				DEVELOPMENT_ASSET_PATHS = "\"EuphoniumRoutines/Preview Content\"";
				DEVELOPMENT_TEAM = L4SN53B3F6;
				ENABLE_PREVIEWS = YES;
				INFOPLIST_FILE = EuphoniumRoutines/Info.plist;
				LD_RUNPATH_SEARCH_PATHS = (
					"$(inherited)",
					"@executable_path/Frameworks",
				);
				PRODUCT_BUNDLE_IDENTIFIER = com.AlexanderBurdiss.EuphoniumRoutines;
				PRODUCT_NAME = "$(TARGET_NAME)";
				SWIFT_VERSION = 5.0;
				TARGETED_DEVICE_FAMILY = "1,2";
			};
			name = Debug;
		};
		9C15C4F8245C76510057F181 /* Release */ = {
			isa = XCBuildConfiguration;
			buildSettings = {
				ASSETCATALOG_COMPILER_APPICON_NAME = AppIcon;
				CODE_SIGN_STYLE = Automatic;
				DEVELOPMENT_ASSET_PATHS = "\"EuphoniumRoutines/Preview Content\"";
				DEVELOPMENT_TEAM = L4SN53B3F6;
				ENABLE_PREVIEWS = YES;
				INFOPLIST_FILE = EuphoniumRoutines/Info.plist;
				LD_RUNPATH_SEARCH_PATHS = (
					"$(inherited)",
					"@executable_path/Frameworks",
				);
				PRODUCT_BUNDLE_IDENTIFIER = com.AlexanderBurdiss.EuphoniumRoutines;
				PRODUCT_NAME = "$(TARGET_NAME)";
				SWIFT_VERSION = 5.0;
				TARGETED_DEVICE_FAMILY = "1,2";
			};
			name = Release;
		};
		9C15C4FA245C76510057F181 /* Debug */ = {
			isa = XCBuildConfiguration;
			buildSettings = {
				ALWAYS_EMBED_SWIFT_STANDARD_LIBRARIES = YES;
				BUNDLE_LOADER = "$(TEST_HOST)";
				CODE_SIGN_STYLE = Automatic;
				DEVELOPMENT_TEAM = L4SN53B3F6;
				INFOPLIST_FILE = EuphoniumRoutinesTests/Info.plist;
				IPHONEOS_DEPLOYMENT_TARGET = 13.4;
				LD_RUNPATH_SEARCH_PATHS = (
					"$(inherited)",
					"@executable_path/Frameworks",
					"@loader_path/Frameworks",
				);
				PRODUCT_BUNDLE_IDENTIFIER = com.AlexanderBurdiss.EuphoniumRoutinesTests;
				PRODUCT_NAME = "$(TARGET_NAME)";
				SWIFT_VERSION = 5.0;
				TARGETED_DEVICE_FAMILY = "1,2";
				TEST_HOST = "$(BUILT_PRODUCTS_DIR)/EuphoniumRoutines.app/EuphoniumRoutines";
			};
			name = Debug;
		};
		9C15C4FB245C76510057F181 /* Release */ = {
			isa = XCBuildConfiguration;
			buildSettings = {
				ALWAYS_EMBED_SWIFT_STANDARD_LIBRARIES = YES;
				BUNDLE_LOADER = "$(TEST_HOST)";
				CODE_SIGN_STYLE = Automatic;
				DEVELOPMENT_TEAM = L4SN53B3F6;
				INFOPLIST_FILE = EuphoniumRoutinesTests/Info.plist;
				IPHONEOS_DEPLOYMENT_TARGET = 13.4;
				LD_RUNPATH_SEARCH_PATHS = (
					"$(inherited)",
					"@executable_path/Frameworks",
					"@loader_path/Frameworks",
				);
				PRODUCT_BUNDLE_IDENTIFIER = com.AlexanderBurdiss.EuphoniumRoutinesTests;
				PRODUCT_NAME = "$(TARGET_NAME)";
				SWIFT_VERSION = 5.0;
				TARGETED_DEVICE_FAMILY = "1,2";
				TEST_HOST = "$(BUILT_PRODUCTS_DIR)/EuphoniumRoutines.app/EuphoniumRoutines";
			};
			name = Release;
		};
		9C15C4FD245C76510057F181 /* Debug */ = {
			isa = XCBuildConfiguration;
			buildSettings = {
				ALWAYS_EMBED_SWIFT_STANDARD_LIBRARIES = YES;
				CODE_SIGN_STYLE = Automatic;
				DEVELOPMENT_TEAM = L4SN53B3F6;
				INFOPLIST_FILE = EuphoniumRoutinesUITests/Info.plist;
				LD_RUNPATH_SEARCH_PATHS = (
					"$(inherited)",
					"@executable_path/Frameworks",
					"@loader_path/Frameworks",
				);
				PRODUCT_BUNDLE_IDENTIFIER = com.AlexanderBurdiss.EuphoniumRoutinesUITests;
				PRODUCT_NAME = "$(TARGET_NAME)";
				SWIFT_VERSION = 5.0;
				TARGETED_DEVICE_FAMILY = "1,2";
				TEST_TARGET_NAME = EuphoniumRoutines;
			};
			name = Debug;
		};
		9C15C4FE245C76510057F181 /* Release */ = {
			isa = XCBuildConfiguration;
			buildSettings = {
				ALWAYS_EMBED_SWIFT_STANDARD_LIBRARIES = YES;
				CODE_SIGN_STYLE = Automatic;
				DEVELOPMENT_TEAM = L4SN53B3F6;
				INFOPLIST_FILE = EuphoniumRoutinesUITests/Info.plist;
				LD_RUNPATH_SEARCH_PATHS = (
					"$(inherited)",
					"@executable_path/Frameworks",
					"@loader_path/Frameworks",
				);
				PRODUCT_BUNDLE_IDENTIFIER = com.AlexanderBurdiss.EuphoniumRoutinesUITests;
				PRODUCT_NAME = "$(TARGET_NAME)";
				SWIFT_VERSION = 5.0;
				TARGETED_DEVICE_FAMILY = "1,2";
				TEST_TARGET_NAME = EuphoniumRoutines;
			};
			name = Release;
		};
/* End XCBuildConfiguration section */

/* Begin XCConfigurationList section */
		9C15C4C7245C76500057F181 /* Build configuration list for PBXProject "EuphoniumRoutines" */ = {
			isa = XCConfigurationList;
			buildConfigurations = (
				9C15C4F4245C76510057F181 /* Debug */,
				9C15C4F5245C76510057F181 /* Release */,
			);
			defaultConfigurationIsVisible = 0;
			defaultConfigurationName = Release;
		};
		9C15C4F6245C76510057F181 /* Build configuration list for PBXNativeTarget "EuphoniumRoutines" */ = {
			isa = XCConfigurationList;
			buildConfigurations = (
				9C15C4F7245C76510057F181 /* Debug */,
				9C15C4F8245C76510057F181 /* Release */,
			);
			defaultConfigurationIsVisible = 0;
			defaultConfigurationName = Release;
		};
		9C15C4F9245C76510057F181 /* Build configuration list for PBXNativeTarget "EuphoniumRoutinesTests" */ = {
			isa = XCConfigurationList;
			buildConfigurations = (
				9C15C4FA245C76510057F181 /* Debug */,
				9C15C4FB245C76510057F181 /* Release */,
			);
			defaultConfigurationIsVisible = 0;
			defaultConfigurationName = Release;
		};
		9C15C4FC245C76510057F181 /* Build configuration list for PBXNativeTarget "EuphoniumRoutinesUITests" */ = {
			isa = XCConfigurationList;
			buildConfigurations = (
				9C15C4FD245C76510057F181 /* Debug */,
				9C15C4FE245C76510057F181 /* Release */,
			);
			defaultConfigurationIsVisible = 0;
			defaultConfigurationName = Release;
		};
/* End XCConfigurationList section */
	};
	rootObject = 9C15C4C4245C76500057F181 /* Project object */;
}
